
Microsoft Visual Studio Solution File, Format Version 12.00
# Visual Studio Version 17
VisualStudioVersion = 17.13.35828.75
MinimumVisualStudioVersion = 10.0.40219.1
Project("{FAE04EC0-301F-11D3-BF4B-00C04F79EFBC}") = "BANK_TEST.ConsoleApp", "BANK_TEST.ConsoleApp\BANK_TEST.ConsoleApp.csproj", "{159251F1-0186-455D-B8A2-23B99AEDB70B}"
EndProject
Project("{FAE04EC0-301F-11D3-BF4B-00C04F79EFBC}") = "BANK_TEST.Database", "BANK_TEST.Database\BANK_TEST.Database.csproj", "{E4D612FA-6620-4DF4-86F1-DCCC8459528F}"
EndProject
Project("{FAE04EC0-301F-11D3-BF4B-00C04F79EFBC}") = "BANK_TEST.RestApi", "BANK_TEST.RestApi\BANK_TEST.RestApi.csproj", "{B04DECA1-FD74-4D65-890D-13FC95C7261A}"
EndProject
Project("{FAE04EC0-301F-11D3-BF4B-00C04F79EFBC}") = "BANK_TEST.Domain", "BANK_TEST.Domain\BANK_TEST.Domain.csproj", "{82CCBA51-74D6-4F4B-9C53-2C0630605C63}"
EndProject
Global
	GlobalSection(SolutionConfigurationPlatforms) = preSolution
		Debug|Any CPU = Debug|Any CPU
		Release|Any CPU = Release|Any CPU
	EndGlobalSection
	GlobalSection(ProjectConfigurationPlatforms) = postSolution
		{159251F1-0186-455D-B8A2-23B99AEDB70B}.Debug|Any CPU.ActiveCfg = Debug|Any CPU
		{159251F1-0186-455D-B8A2-23B99AEDB70B}.Debug|Any CPU.Build.0 = Debug|Any CPU
		{159251F1-0186-455D-B8A2-23B99AEDB70B}.Release|Any CPU.ActiveCfg = Release|Any CPU
		{159251F1-0186-455D-B8A2-23B99AEDB70B}.Release|Any CPU.Build.0 = Release|Any CPU
		{E4D612FA-6620-4DF4-86F1-DCCC8459528F}.Debug|Any CPU.ActiveCfg = Debug|Any CPU
		{E4D612FA-6620-4DF4-86F1-DCCC8459528F}.Debug|Any CPU.Build.0 = Debug|Any CPU
		{E4D612FA-6620-4DF4-86F1-DCCC8459528F}.Release|Any CPU.ActiveCfg = Release|Any CPU
		{E4D612FA-6620-4DF4-86F1-DCCC8459528F}.Release|Any CPU.Build.0 = Release|Any CPU
		{B04DECA1-FD74-4D65-890D-13FC95C7261A}.Debug|Any CPU.ActiveCfg = Debug|Any CPU
		{B04DECA1-FD74-4D65-890D-13FC95C7261A}.Debug|Any CPU.Build.0 = Debug|Any CPU
		{B04DECA1-FD74-4D65-890D-13FC95C7261A}.Release|Any CPU.ActiveCfg = Release|Any CPU
		{B04DECA1-FD74-4D65-890D-13FC95C7261A}.Release|Any CPU.Build.0 = Release|Any CPU
		{82CCBA51-74D6-4F4B-9C53-2C0630605C63}.Debug|Any CPU.ActiveCfg = Debug|Any CPU
		{82CCBA51-74D6-4F4B-9C53-2C0630605C63}.Debug|Any CPU.Build.0 = Debug|Any CPU
		{82CCBA51-74D6-4F4B-9C53-2C0630605C63}.Release|Any CPU.ActiveCfg = Release|Any CPU
		{82CCBA51-74D6-4F4B-9C53-2C0630605C63}.Release|Any CPU.Build.0 = Release|Any CPU
	EndGlobalSection
	GlobalSection(SolutionProperties) = preSolution
		HideSolutionNode = FALSE
	EndGlobalSection
	GlobalSection(ExtensibilityGlobals) = postSolution
		SolutionGuid = {751B92CE-49CF-444B-8333-9BF3AD92D19C}
	EndGlobalSection
EndGlobal
